
Microsoft Visual Studio Solution File, Format Version 12.00
# Visual Studio 14
VisualStudioVersion = 14.0.23107.0
MinimumVisualStudioVersion = 10.0.40219.1
Project("{FAE04EC0-301F-11D3-BF4B-00C04F79EFBC}") = "001.监控数值变化", "001.监控数值变化\001.监控数值变化.csproj", "{320FF30E-FBB0-40EE-9FCC-F2204768EE18}"
EndProject
Project("{FAE04EC0-301F-11D3-BF4B-00C04F79EFBC}") = "002.倒计时功能", "002.倒计时功能\002.倒计时功能.csproj", "{26932D96-F59E-4220-9DD8-CEC31521FF24}"
EndProject
Project("{FAE04EC0-301F-11D3-BF4B-00C04F79EFBC}") = "003.后台线程", "003.后台线程\003.后台线程.csproj", "{4139A42A-B584-4636-94F5-0C1D51E22041}"
EndProject
Project("{FAE04EC0-301F-11D3-BF4B-00C04F79EFBC}") = "004.委托和事件", "004.委托\004.委托和事件.csproj", "{1DFA7C16-23B8-48CA-8B27-C1721C15D30E}"
EndProject
Project("{FAE04EC0-301F-11D3-BF4B-00C04F79EFBC}") = "005.Invoke", "005.Invoke\005.Invoke.csproj", "{7AA566A6-504E-4D17-B49F-8AE04570E0EF}"
EndProject
Project("{FAE04EC0-301F-11D3-BF4B-00C04F79EFBC}") = "006.Invoke和BeginInvoke的区别", "006.Invoke和BeginInvoke的区别\006.Invoke和BeginInvoke的区别.csproj", "{1647BA00-8BAE-4DC0-AFC3-BEE85C9E9AE3}"
EndProject
Project("{FAE04EC0-301F-11D3-BF4B-00C04F79EFBC}") = "007.指示灯的简易实现", "007.指示灯的简易实现\007.指示灯的简易实现.csproj", "{9B48DE53-DDB3-4C13-A04A-51DDD91CE138}"
EndProject
Project("{FAE04EC0-301F-11D3-BF4B-00C04F79EFBC}") = "008.@符号", "008.@符号\008.@符号.csproj", "{AA5438D2-85DE-4091-884D-1611A05BE032}"
EndProject
Project("{FAE04EC0-301F-11D3-BF4B-00C04F79EFBC}") = "009.$符号格式化字符串", "009.$符号格式化字符串\009.$符号格式化字符串.csproj", "{47D691C9-C62B-4065-A301-F8E7EAE28021}"
EndProject
Project("{FAE04EC0-301F-11D3-BF4B-00C04F79EFBC}") = "010.图片显示控件", "010.图片显示控件\010.图片显示控件.csproj", "{E9D1BF02-17F4-499C-BEB6-F6D264064E50}"
EndProject
Global
	GlobalSection(SolutionConfigurationPlatforms) = preSolution
		Debug|Any CPU = Debug|Any CPU
		Release|Any CPU = Release|Any CPU
	EndGlobalSection
	GlobalSection(ProjectConfigurationPlatforms) = postSolution
		{320FF30E-FBB0-40EE-9FCC-F2204768EE18}.Debug|Any CPU.ActiveCfg = Debug|Any CPU
		{320FF30E-FBB0-40EE-9FCC-F2204768EE18}.Debug|Any CPU.Build.0 = Debug|Any CPU
		{320FF30E-FBB0-40EE-9FCC-F2204768EE18}.Release|Any CPU.ActiveCfg = Release|Any CPU
		{320FF30E-FBB0-40EE-9FCC-F2204768EE18}.Release|Any CPU.Build.0 = Release|Any CPU
		{26932D96-F59E-4220-9DD8-CEC31521FF24}.Debug|Any CPU.ActiveCfg = Debug|Any CPU
		{26932D96-F59E-4220-9DD8-CEC31521FF24}.Debug|Any CPU.Build.0 = Debug|Any CPU
		{26932D96-F59E-4220-9DD8-CEC31521FF24}.Release|Any CPU.ActiveCfg = Release|Any CPU
		{26932D96-F59E-4220-9DD8-CEC31521FF24}.Release|Any CPU.Build.0 = Release|Any CPU
		{4139A42A-B584-4636-94F5-0C1D51E22041}.Debug|Any CPU.ActiveCfg = Debug|Any CPU
		{4139A42A-B584-4636-94F5-0C1D51E22041}.Debug|Any CPU.Build.0 = Debug|Any CPU
		{4139A42A-B584-4636-94F5-0C1D51E22041}.Release|Any CPU.ActiveCfg = Release|Any CPU
		{4139A42A-B584-4636-94F5-0C1D51E22041}.Release|Any CPU.Build.0 = Release|Any CPU
		{1DFA7C16-23B8-48CA-8B27-C1721C15D30E}.Debug|Any CPU.ActiveCfg = Debug|Any CPU
		{1DFA7C16-23B8-48CA-8B27-C1721C15D30E}.Debug|Any CPU.Build.0 = Debug|Any CPU
		{1DFA7C16-23B8-48CA-8B27-C1721C15D30E}.Release|Any CPU.ActiveCfg = Release|Any CPU
		{1DFA7C16-23B8-48CA-8B27-C1721C15D30E}.Release|Any CPU.Build.0 = Release|Any CPU
		{7AA566A6-504E-4D17-B49F-8AE04570E0EF}.Debug|Any CPU.ActiveCfg = Debug|Any CPU
		{7AA566A6-504E-4D17-B49F-8AE04570E0EF}.Debug|Any CPU.Build.0 = Debug|Any CPU
		{7AA566A6-504E-4D17-B49F-8AE04570E0EF}.Release|Any CPU.ActiveCfg = Release|Any CPU
		{7AA566A6-504E-4D17-B49F-8AE04570E0EF}.Release|Any CPU.Build.0 = Release|Any CPU
		{1647BA00-8BAE-4DC0-AFC3-BEE85C9E9AE3}.Debug|Any CPU.ActiveCfg = Debug|Any CPU
		{1647BA00-8BAE-4DC0-AFC3-BEE85C9E9AE3}.Debug|Any CPU.Build.0 = Debug|Any CPU
		{1647BA00-8BAE-4DC0-AFC3-BEE85C9E9AE3}.Release|Any CPU.ActiveCfg = Release|Any CPU
		{1647BA00-8BAE-4DC0-AFC3-BEE85C9E9AE3}.Release|Any CPU.Build.0 = Release|Any CPU
		{9B48DE53-DDB3-4C13-A04A-51DDD91CE138}.Debug|Any CPU.ActiveCfg = Debug|Any CPU
		{9B48DE53-DDB3-4C13-A04A-51DDD91CE138}.Debug|Any CPU.Build.0 = Debug|Any CPU
		{9B48DE53-DDB3-4C13-A04A-51DDD91CE138}.Release|Any CPU.ActiveCfg = Release|Any CPU
		{9B48DE53-DDB3-4C13-A04A-51DDD91CE138}.Release|Any CPU.Build.0 = Release|Any CPU
		{AA5438D2-85DE-4091-884D-1611A05BE032}.Debug|Any CPU.ActiveCfg = Debug|Any CPU
		{AA5438D2-85DE-4091-884D-1611A05BE032}.Debug|Any CPU.Build.0 = Debug|Any CPU
		{AA5438D2-85DE-4091-884D-1611A05BE032}.Release|Any CPU.ActiveCfg = Release|Any CPU
		{AA5438D2-85DE-4091-884D-1611A05BE032}.Release|Any CPU.Build.0 = Release|Any CPU
		{47D691C9-C62B-4065-A301-F8E7EAE28021}.Debug|Any CPU.ActiveCfg = Debug|Any CPU
		{47D691C9-C62B-4065-A301-F8E7EAE28021}.Debug|Any CPU.Build.0 = Debug|Any CPU
		{47D691C9-C62B-4065-A301-F8E7EAE28021}.Release|Any CPU.ActiveCfg = Release|Any CPU
		{47D691C9-C62B-4065-A301-F8E7EAE28021}.Release|Any CPU.Build.0 = Release|Any CPU
		{E9D1BF02-17F4-499C-BEB6-F6D264064E50}.Debug|Any CPU.ActiveCfg = Debug|Any CPU
		{E9D1BF02-17F4-499C-BEB6-F6D264064E50}.Debug|Any CPU.Build.0 = Debug|Any CPU
		{E9D1BF02-17F4-499C-BEB6-F6D264064E50}.Release|Any CPU.ActiveCfg = Release|Any CPU
		{E9D1BF02-17F4-499C-BEB6-F6D264064E50}.Release|Any CPU.Build.0 = Release|Any CPU
	EndGlobalSection
	GlobalSection(SolutionProperties) = preSolution
		HideSolutionNode = FALSE
	EndGlobalSection
EndGlobal
